// !$*UTF8*$!
{
	archiveVersion = 1;
	classes = {
	};
	objectVersion = 48;
	objects = {

/* Begin PBXBuildFile section */
		2C5687A51F8CF22500CCE704 /* AppDelegate.m in Sources */ = {isa = PBXBuildFile; fileRef = 2C5687A41F8CF22500CCE704 /* AppDelegate.m */; };
		2C5687A81F8CF22500CCE704 /* ViewController.m in Sources */ = {isa = PBXBuildFile; fileRef = 2C5687A71F8CF22500CCE704 /* ViewController.m */; };
		2C5687AB1F8CF22500CCE704 /* Main.storyboard in Resources */ = {isa = PBXBuildFile; fileRef = 2C5687A91F8CF22500CCE704 /* Main.storyboard */; };
		2C5687AD1F8CF22500CCE704 /* Assets.xcassets in Resources */ = {isa = PBXBuildFile; fileRef = 2C5687AC1F8CF22500CCE704 /* Assets.xcassets */; };
		2C5687B01F8CF22500CCE704 /* LaunchScreen.storyboard in Resources */ = {isa = PBXBuildFile; fileRef = 2C5687AE1F8CF22500CCE704 /* LaunchScreen.storyboard */; };
		2C5687B31F8CF22500CCE704 /* main.m in Sources */ = {isa = PBXBuildFile; fileRef = 2C5687B21F8CF22500CCE704 /* main.m */; };
		2C5687BC1F8CF33C00CCE704 /* oneViewController.m in Sources */ = {isa = PBXBuildFile; fileRef = 2C5687BA1F8CF33C00CCE704 /* oneViewController.m */; };
		2C5687BD1F8CF33C00CCE704 /* oneViewController.xib in Resources */ = {isa = PBXBuildFile; fileRef = 2C5687BB1F8CF33C00CCE704 /* oneViewController.xib */; };
		2C5687C11F8CF34C00CCE704 /* twoViewController.m in Sources */ = {isa = PBXBuildFile; fileRef = 2C5687BF1F8CF34C00CCE704 /* twoViewController.m */; };
		2C5687C21F8CF34C00CCE704 /* twoViewController.xib in Resources */ = {isa = PBXBuildFile; fileRef = 2C5687C01F8CF34C00CCE704 /* twoViewController.xib */; };
/* End PBXBuildFile section */

/* Begin PBXFileReference section */
		2C5687A01F8CF22500CCE704 /* gittest.app */ = {isa = PBXFileReference; explicitFileType = wrapper.application; includeInIndex = 0; path = gittest.app; sourceTree = BUILT_PRODUCTS_DIR; };
		2C5687A31F8CF22500CCE704 /* AppDelegate.h */ = {isa = PBXFileReference; lastKnownFileType = sourcecode.c.h; path = AppDelegate.h; sourceTree = "<group>"; };
		2C5687A41F8CF22500CCE704 /* AppDelegate.m */ = {isa = PBXFileReference; lastKnownFileType = sourcecode.c.objc; path = AppDelegate.m; sourceTree = "<group>"; };
		2C5687A61F8CF22500CCE704 /* ViewController.h */ = {isa = PBXFileReference; lastKnownFileType = sourcecode.c.h; path = ViewController.h; sourceTree = "<group>"; };
		2C5687A71F8CF22500CCE704 /* ViewController.m */ = {isa = PBXFileReference; lastKnownFileType = sourcecode.c.objc; path = ViewController.m; sourceTree = "<group>"; };
		2C5687AA1F8CF22500CCE704 /* Base */ = {isa = PBXFileReference; lastKnownFileType = file.storyboard; name = Base; path = Base.lproj/Main.storyboard; sourceTree = "<group>"; };
		2C5687AC1F8CF22500CCE704 /* Assets.xcassets */ = {isa = PBXFileReference; lastKnownFileType = folder.assetcatalog; path = Assets.xcassets; sourceTree = "<group>"; };
		2C5687AF1F8CF22500CCE704 /* Base */ = {isa = PBXFileReference; lastKnownFileType = file.storyboard; name = Base; path = Base.lproj/LaunchScreen.storyboard; sourceTree = "<group>"; };
		2C5687B11F8CF22500CCE704 /* Info.plist */ = {isa = PBXFileReference; lastKnownFileType = text.plist.xml; path = Info.plist; sourceTree = "<group>"; };
		2C5687B21F8CF22500CCE704 /* main.m */ = {isa = PBXFileReference; lastKnownFileType = sourcecode.c.objc; path = main.m; sourceTree = "<group>"; };
		2C5687B91F8CF33C00CCE704 /* oneViewController.h */ = {isa = PBXFileReference; lastKnownFileType = sourcecode.c.h; path = oneViewController.h; sourceTree = "<group>"; };
		2C5687BA1F8CF33C00CCE704 /* oneViewController.m */ = {isa = PBXFileReference; lastKnownFileType = sourcecode.c.objc; path = oneViewController.m; sourceTree = "<group>"; };
		2C5687BB1F8CF33C00CCE704 /* oneViewController.xib */ = {isa = PBXFileReference; lastKnownFileType = file.xib; path = oneViewController.xib; sourceTree = "<group>"; };
		2C5687BE1F8CF34C00CCE704 /* twoViewController.h */ = {isa = PBXFileReference; lastKnownFileType = sourcecode.c.h; path = twoViewController.h; sourceTree = "<group>"; };
		2C5687BF1F8CF34C00CCE704 /* twoViewController.m */ = {isa = PBXFileReference; lastKnownFileType = sourcecode.c.objc; path = twoViewController.m; sourceTree = "<group>"; };
		2C5687C01F8CF34C00CCE704 /* twoViewController.xib */ = {isa = PBXFileReference; lastKnownFileType = file.xib; path = twoViewController.xib; sourceTree = "<group>"; };
/* End PBXFileReference section */

/* Begin PBXFrameworksBuildPhase section */
		2C56879D1F8CF22500CCE704 /* Frameworks */ = {
			isa = PBXFrameworksBuildPhase;
			buildActionMask = 2147483647;
			files = (
			);
			runOnlyForDeploymentPostprocessing = 0;
		};
/* End PBXFrameworksBuildPhase section */

/* Begin PBXGroup section */
		2C5687971F8CF22400CCE704 = {
			isa = PBXGroup;
			children = (
				2C5687A21F8CF22500CCE704 /* gittest */,
				2C5687A11F8CF22500CCE704 /* Products */,
			);
			sourceTree = "<group>";
		};
		2C5687A11F8CF22500CCE704 /* Products */ = {
			isa = PBXGroup;
			children = (
				2C5687A01F8CF22500CCE704 /* gittest.app */,
			);
			name = Products;
			sourceTree = "<group>";
		};
		2C5687A21F8CF22500CCE704 /* gittest */ = {
			isa = PBXGroup;
			children = (
				2C5687A31F8CF22500CCE704 /* AppDelegate.h */,
				2C5687A41F8CF22500CCE704 /* AppDelegate.m */,
				2C5687A61F8CF22500CCE704 /* ViewController.h */,
				2C5687A71F8CF22500CCE704 /* ViewController.m */,
				2C5687A91F8CF22500CCE704 /* Main.storyboard */,
				2C5687B91F8CF33C00CCE704 /* oneViewController.h */,
				2C5687BA1F8CF33C00CCE704 /* oneViewController.m */,
				2C5687BB1F8CF33C00CCE704 /* oneViewController.xib */,
				2C5687BE1F8CF34C00CCE704 /* twoViewController.h */,
				2C5687BF1F8CF34C00CCE704 /* twoViewController.m */,
				2C5687C01F8CF34C00CCE704 /* twoViewController.xib */,
				2C5687AC1F8CF22500CCE704 /* Assets.xcassets */,
				2C5687AE1F8CF22500CCE704 /* LaunchScreen.storyboard */,
				2C5687B11F8CF22500CCE704 /* Info.plist */,
				2C5687B21F8CF22500CCE704 /* main.m */,
			);
			path = gittest;
			sourceTree = "<group>";
		};
/* End PBXGroup section */

/* Begin PBXNativeTarget section */
		2C56879F1F8CF22500CCE704 /* gittest */ = {
			isa = PBXNativeTarget;
			buildConfigurationList = 2C5687B61F8CF22500CCE704 /* Build configuration list for PBXNativeTarget "gittest" */;
			buildPhases = (
				2C56879C1F8CF22500CCE704 /* Sources */,
				2C56879D1F8CF22500CCE704 /* Frameworks */,
				2C56879E1F8CF22500CCE704 /* Resources */,
			);
			buildRules = (
			);
			dependencies = (
			);
			name = gittest;
			productName = gittest;
			productReference = 2C5687A01F8CF22500CCE704 /* gittest.app */;
			productType = "com.apple.product-type.application";
		};
/* End PBXNativeTarget section */

/* Begin PBXProject section */
		2C5687981F8CF22500CCE704 /* Project object */ = {
			isa = PBXProject;
			attributes = {
				LastUpgradeCheck = 0900;
				ORGANIZATIONNAME = "zejian gao";
				TargetAttributes = {
					2C56879F1F8CF22500CCE704 = {
						CreatedOnToolsVersion = 9.0;
						ProvisioningStyle = Automatic;
					};
				};
			};
			buildConfigurationList = 2C56879B1F8CF22500CCE704 /* Build configuration list for PBXProject "gittest" */;
			compatibilityVersion = "Xcode 8.0";
			developmentRegion = en;
			hasScannedForEncodings = 0;
			knownRegions = (
				en,
				Base,
			);
			mainGroup = 2C5687971F8CF22400CCE704;
			productRefGroup = 2C5687A11F8CF22500CCE704 /* Products */;
			projectDirPath = "";
			projectRoot = "";
			targets = (
				2C56879F1F8CF22500CCE704 /* gittest */,
			);
		};
/* End PBXProject section */

/* Begin PBXResourcesBuildPhase section */
		2C56879E1F8CF22500CCE704 /* Resources */ = {
			isa = PBXResourcesBuildPhase;
			buildActionMask = 2147483647;
			files = (
				2C5687C21F8CF34C00CCE704 /* twoViewController.xib in Resources */,
				2C5687B01F8CF22500CCE704 /* LaunchScreen.storyboard in Resources */,
				2C5687AD1F8CF22500CCE704 /* Assets.xcassets in Resources */,
				2C5687AB1F8CF22500CCE704 /* Main.storyboard in Resources */,
				2C5687BD1F8CF33C00CCE704 /* oneViewController.xib in Resources */,
			);
			runOnlyForDeploymentPostprocessing = 0;
		};
/* End PBXResourcesBuildPhase section */

/* Begin PBXSourcesBuildPhase section */
		2C56879C1F8CF22500CCE704 /* Sources */ = {
			isa = PBXSourcesBuildPhase;
			buildActionMask = 2147483647;
			files = (
				2C5687A81F8CF22500CCE704 /* ViewController.m in Sources */,
				2C5687B31F8CF22500CCE704 /* main.m in Sources */,
				2C5687A51F8CF22500CCE704 /* AppDelegate.m in Sources */,
				2C5687BC1F8CF33C00CCE704 /* oneViewController.m in Sources */,
				2C5687C11F8CF34C00CCE704 /* twoViewController.m in Sources */,
			);
			runOnlyForDeploymentPostprocessing = 0;
		};
/* End PBXSourcesBuildPhase section */

/* Begin PBXVariantGroup section */
		2C5687A91F8CF22500CCE704 /* Main.storyboard */ = {
			isa = PBXVariantGroup;
			children = (
				2C5687AA1F8CF22500CCE704 /* Base */,
			);
			name = Main.storyboard;
			sourceTree = "<group>";
		};
		2C5687AE1F8CF22500CCE704 /* LaunchScreen.storyboard */ = {
			isa = PBXVariantGroup;
			children = (
				2C5687AF1F8CF22500CCE704 /* Base */,
			);
			name = LaunchScreen.storyboard;
			sourceTree = "<group>";
		};
/* End PBXVariantGroup section */

/* Begin XCBuildConfiguration section */
		2C5687B41F8CF22500CCE704 /* Debug */ = {
			isa = XCBuildConfiguration;
			buildSettings = {
				ALWAYS_SEARCH_USER_PATHS = NO;
				CLANG_ANALYZER_NONNULL = YES;
				CLANG_ANALYZER_NUMBER_OBJECT_CONVERSION = YES_AGGRESSIVE;
				CLANG_CXX_LANGUAGE_STANDARD = "gnu++14";
				CLANG_CXX_LIBRARY = "libc++";
				CLANG_ENABLE_MODULES = YES;
				CLANG_ENABLE_OBJC_ARC = YES;
				CLANG_WARN_BLOCK_CAPTURE_AUTORELEASING = YES;
				CLANG_WARN_BOOL_CONVERSION = YES;
				CLANG_WARN_COMMA = YES;
				CLANG_WARN_CONSTANT_CONVERSION = YES;
				CLANG_WARN_DIRECT_OBJC_ISA_USAGE = YES_ERROR;
				CLANG_WARN_DOCUMENTATION_COMMENTS = YES;
				CLANG_WARN_EMPTY_BODY = YES;
				CLANG_WARN_ENUM_CONVERSION = YES;
				CLANG_WARN_INFINITE_RECURSION = YES;
				CLANG_WARN_INT_CONVERSION = YES;
				CLANG_WARN_NON_LITERAL_NULL_CONVERSION = YES;
				CLANG_WARN_OBJC_LITERAL_CONVERSION = YES;
				CLANG_WARN_OBJC_ROOT_CLASS = YES_ERROR;
				CLANG_WARN_RANGE_LOOP_ANALYSIS = YES;
				CLANG_WARN_STRICT_PROTOTYPES = YES;
				CLANG_WARN_SUSPICIOUS_MOVE = YES;
				CLANG_WARN_UNGUARDED_AVAILABILITY = YES_AGGRESSIVE;
				CLANG_WARN_UNREACHABLE_CODE = YES;
				CLANG_WARN__DUPLICATE_METHOD_MATCH = YES;
				CODE_SIGN_IDENTITY = "iPhone Developer";
				COPY_PHASE_STRIP = NO;
				DEBUG_INFORMATION_FORMAT = dwarf;
				ENABLE_STRICT_OBJC_MSGSEND = YES;
				ENABLE_TESTABILITY = YES;
				GCC_C_LANGUAGE_STANDARD = gnu11;
				GCC_DYNAMIC_NO_PIC = NO;
				GCC_NO_COMMON_BLOCKS = YES;
				GCC_OPTIMIZATION_LEVEL = 0;
				GCC_PREPROCESSOR_DEFINITIONS = (
					"DEBUG=1",
					"$(inherited)",
				);
				GCC_WARN_64_TO_32_BIT_CONVERSION = YES;
				GCC_WARN_ABOUT_RETURN_TYPE = YES_ERROR;
				GCC_WARN_UNDECLARED_SELECTOR = YES;
				GCC_WARN_UNINITIALIZED_AUTOS = YES_AGGRESSIVE;
				GCC_WARN_UNUSED_FUNCTION = YES;
				GCC_WARN_UNUSED_VARIABLE = YES;
				IPHONEOS_DEPLOYMENT_TARGET = 11.0;
				MTL_ENABLE_DEBUG_INFO = YES;
				ONLY_ACTIVE_ARCH = YES;
				SDKROOT = iphoneos;
			};
			name = Debug;
		};
		2C5687B51F8CF22500CCE704 /* Release */ = {
			isa = XCBuildConfiguration;
			buildSettings = {
				ALWAYS_SEARCH_USER_PATHS = NO;
				CLANG_ANALYZER_NONNULL = YES;
				CLANG_ANALYZER_NUMBER_OBJECT_CONVERSION = YES_AGGRESSIVE;
				CLANG_CXX_LANGUAGE_STANDARD = "gnu++14";
				CLANG_CXX_LIBRARY = "libc++";
				CLANG_ENABLE_MODULES = YES;
				CLANG_ENABLE_OBJC_ARC = YES;
				CLANG_WARN_BLOCK_CAPTURE_AUTORELEASING = YES;
				CLANG_WARN_BOOL_CONVERSION = YES;
				CLANG_WARN_COMMA = YES;
				CLANG_WARN_CONSTANT_CONVERSION = YES;
				CLANG_WARN_DIRECT_OBJC_ISA_USAGE = YES_ERROR;
				CLANG_WARN_DOCUMENTATION_COMMENTS = YES;
				CLANG_WARN_EMPTY_BODY = YES;
				CLANG_WARN_ENUM_CONVERSION = YES;
				CLANG_WARN_INFINITE_RECURSION = YES;
				CLANG_WARN_INT_CONVERSION = YES;
				CLANG_WARN_NON_LITERAL_NULL_CONVERSION = YES;
				CLANG_WARN_OBJC_LITERAL_CONVERSION = YES;
				CLANG_WARN_OBJC_ROOT_CLASS = YES_ERROR;
				CLANG_WARN_RANGE_LOOP_ANALYSIS = YES;
				CLANG_WARN_STRICT_PROTOTYPES = YES;
				CLANG_WARN_SUSPICIOUS_MOVE = YES;
				CLANG_WARN_UNGUARDED_AVAILABILITY = YES_AGGRESSIVE;
				CLANG_WARN_UNREACHABLE_CODE = YES;
				CLANG_WARN__DUPLICATE_METHOD_MATCH = YES;
				CODE_SIGN_IDENTITY = "iPhone Developer";
				COPY_PHASE_STRIP = NO;
				DEBUG_INFORMATION_FORMAT = "dwarf-with-dsym";
				ENABLE_NS_ASSERTIONS = NO;
				ENABLE_STRICT_OBJC_MSGSEND = YES;
				GCC_C_LANGUAGE_STANDARD = gnu11;
				GCC_NO_COMMON_BLOCKS = YES;
				GCC_WARN_64_TO_32_BIT_CONVERSION = YES;
				GCC_WARN_ABOUT_RETURN_TYPE = YES_ERROR;
				GCC_WARN_UNDECLARED_SELECTOR = YES;
				GCC_WARN_UNINITIALIZED_AUTOS = YES_AGGRESSIVE;
				GCC_WARN_UNUSED_FUNCTION = YES;
				GCC_WARN_UNUSED_VARIABLE = YES;
				IPHONEOS_DEPLOYMENT_TARGET = 11.0;
				MTL_ENABLE_DEBUG_INFO = NO;
				SDKROOT = iphoneos;
				VALIDATE_PRODUCT = YES;
			};
			name = Release;
		};
		2C5687B71F8CF22500CCE704 /* Debug */ = {
			isa = XCBuildConfiguration;
			buildSettings = {
				ASSETCATALOG_COMPILER_APPICON_NAME = AppIcon;
				CODE_SIGN_STYLE = Automatic;
				DEVELOPMENT_TEAM = KLV9SK3W6Q;
				INFOPLIST_FILE = gittest/Info.plist;
				LD_RUNPATH_SEARCH_PATHS = "$(inherited) @executable_path/Frameworks";
				PRODUCT_BUNDLE_IDENTIFIER = jianjianBorther.gittest;
				PRODUCT_NAME = "$(TARGET_NAME)";
				TARGETED_DEVICE_FAMILY = "1,2";
			};
			name = Debug;
		};
		2C5687B81F8CF22500CCE704 /* Release */ = {
			isa = XCBuildConfiguration;
			buildSettings = {
				ASSETCATALOG_COMPILER_APPICON_NAME = AppIcon;
				CODE_SIGN_STYLE = Automatic;
				DEVELOPMENT_TEAM = KLV9SK3W6Q;
				INFOPLIST_FILE = gittest/Info.plist;
				LD_RUNPATH_SEARCH_PATHS = "$(inherited) @executable_path/Frameworks";
				PRODUCT_BUNDLE_IDENTIFIER = jianjianBorther.gittest;
				PRODUCT_NAME = "$(TARGET_NAME)";
				TARGETED_DEVICE_FAMILY = "1,2";
			};
			name = Release;
		};
/* End XCBuildConfiguration section */

/* Begin XCConfigurationList section */
		2C56879B1F8CF22500CCE704 /* Build configuration list for PBXProject "gittest" */ = {
			isa = XCConfigurationList;
			buildConfigurations = (
				2C5687B41F8CF22500CCE704 /* Debug */,
				2C5687B51F8CF22500CCE704 /* Release */,
			);
			defaultConfigurationIsVisible = 0;
			defaultConfigurationName = Release;
		};
		2C5687B61F8CF22500CCE704 /* Build configuration list for PBXNativeTarget "gittest" */ = {
			isa = XCConfigurationList;
			buildConfigurations = (
				2C5687B71F8CF22500CCE704 /* Debug */,
				2C5687B81F8CF22500CCE704 /* Release */,
			);
			defaultConfigurationIsVisible = 0;
			defaultConfigurationName = Release;
		};
/* End XCConfigurationList section */
	};
	rootObject = 2C5687981F8CF22500CCE704 /* Project object */;
}
